
Microsoft Visual Studio Solution File, Format Version 12.00
# Visual Studio Version 16
VisualStudioVersion = 16.0.31321.278
MinimumVisualStudioVersion = 10.0.40219.1
Project("{FAE04EC0-301F-11D3-BF4B-00C04F79EFBC}") = "musicby", "musicby\musicby.csproj", "{8CF20257-968C-487C-9234-1A62D80D0D91}"
EndProject
Global
	GlobalSection(SolutionConfigurationPlatforms) = preSolution
		Debug|Any CPU = Debug|Any CPU
		Release|Any CPU = Release|Any CPU
	EndGlobalSection
	GlobalSection(ProjectConfigurationPlatforms) = postSolution
		{8CF20257-968C-487C-9234-1A62D80D0D91}.Debug|Any CPU.ActiveCfg = Debug|Any CPU
		{8CF20257-968C-487C-9234-1A62D80D0D91}.Debug|Any CPU.Build.0 = Debug|Any CPU
		{8CF20257-968C-487C-9234-1A62D80D0D91}.Release|Any CPU.ActiveCfg = Release|Any CPU
		{8CF20257-968C-487C-9234-1A62D80D0D91}.Release|Any CPU.Build.0 = Release|Any CPU
	EndGlobalSection
	GlobalSection(SolutionProperties) = preSolution
		HideSolutionNode = FALSE
	EndGlobalSection
	GlobalSection(ExtensibilityGlobals) = postSolution
		SolutionGuid = {2D0493DC-0453-42DF-9021-9D28EC6E55B2}
	EndGlobalSection
EndGlobal
